
Microsoft Visual Studio Solution File, Format Version 12.00
# Visual Studio Version 16
VisualStudioVersion = 16.0.29613.14
MinimumVisualStudioVersion = 10.0.40219.1
Project("{FAE04EC0-301F-11D3-BF4B-00C04F79EFBC}") = "c-shap-upload-to-aws-s3", "c-shap-upload-to-aws-s3\c-shap-upload-to-aws-s3.csproj", "{7B63224D-4B1E-46FF-BBCA-8828127CCBCB}"
EndProject
Global
	GlobalSection(SolutionConfigurationPlatforms) = preSolution
		Debug|Any CPU = Debug|Any CPU
		Release|Any CPU = Release|Any CPU
	EndGlobalSection
	GlobalSection(ProjectConfigurationPlatforms) = postSolution
		{7B63224D-4B1E-46FF-BBCA-8828127CCBCB}.Debug|Any CPU.ActiveCfg = Debug|Any CPU
		{7B63224D-4B1E-46FF-BBCA-8828127CCBCB}.Debug|Any CPU.Build.0 = Debug|Any CPU
		{7B63224D-4B1E-46FF-BBCA-8828127CCBCB}.Release|Any CPU.ActiveCfg = Release|Any CPU
		{7B63224D-4B1E-46FF-BBCA-8828127CCBCB}.Release|Any CPU.Build.0 = Release|Any CPU
	EndGlobalSection
	GlobalSection(SolutionProperties) = preSolution
		HideSolutionNode = FALSE
	EndGlobalSection
	GlobalSection(ExtensibilityGlobals) = postSolution
		SolutionGuid = {6F7275BE-C6E2-42C8-B510-21018EC2569C}
	EndGlobalSection
EndGlobal
